
Microsoft Visual Studio Solution File, Format Version 12.00
# Visual Studio 15
Project("{FAE04EC0-301F-11D3-BF4B-00C04F79EFBC}") = "Assembly-CSharp", "Assembly-CSharp.csproj", "{F325C01E-5ADC-F995-4942-FE6DE49B70AD}"
EndProject
Global
	GlobalSection(SolutionConfigurationPlatforms) = preSolution
		Debug|Any CPU = Debug|Any CPU
		Release|Any CPU = Release|Any CPU
	EndGlobalSection
	GlobalSection(ProjectConfigurationPlatforms) = postSolution
		{F325C01E-5ADC-F995-4942-FE6DE49B70AD}.Debug|Any CPU.ActiveCfg = Debug|Any CPU
		{F325C01E-5ADC-F995-4942-FE6DE49B70AD}.Debug|Any CPU.Build.0 = Debug|Any CPU
		{F325C01E-5ADC-F995-4942-FE6DE49B70AD}.Release|Any CPU.ActiveCfg = Release|Any CPU
		{F325C01E-5ADC-F995-4942-FE6DE49B70AD}.Release|Any CPU.Build.0 = Release|Any CPU
	EndGlobalSection
	GlobalSection(SolutionProperties) = preSolution
		HideSolutionNode = FALSE
	EndGlobalSection
EndGlobal
